
Microsoft Visual Studio Solution File, Format Version 12.00
# Visual Studio Version 16
VisualStudioVersion = 16.0.30225.117
MinimumVisualStudioVersion = 10.0.40219.1
Project("{FAE04EC0-301F-11D3-BF4B-00C04F79EFBC}") = "EddyHomepage", "EddyHomepage\EddyHomepage.csproj", "{8589CB31-8B8D-4C96-92C3-8D4D1DADC5CC}"
EndProject
Project("{FAE04EC0-301F-11D3-BF4B-00C04F79EFBC}") = "EddyNewHome", "EddyNewHome\EddyNewHome.csproj", "{16B17839-DDEF-4365-B536-DC08D8497E5F}"
EndProject
Global
	GlobalSection(SolutionConfigurationPlatforms) = preSolution
		Debug|Any CPU = Debug|Any CPU
		Release|Any CPU = Release|Any CPU
	EndGlobalSection
	GlobalSection(ProjectConfigurationPlatforms) = postSolution
		{8589CB31-8B8D-4C96-92C3-8D4D1DADC5CC}.Debug|Any CPU.ActiveCfg = Debug|Any CPU
		{8589CB31-8B8D-4C96-92C3-8D4D1DADC5CC}.Debug|Any CPU.Build.0 = Debug|Any CPU
		{8589CB31-8B8D-4C96-92C3-8D4D1DADC5CC}.Release|Any CPU.ActiveCfg = Release|Any CPU
		{8589CB31-8B8D-4C96-92C3-8D4D1DADC5CC}.Release|Any CPU.Build.0 = Release|Any CPU
		{16B17839-DDEF-4365-B536-DC08D8497E5F}.Debug|Any CPU.ActiveCfg = Debug|Any CPU
		{16B17839-DDEF-4365-B536-DC08D8497E5F}.Debug|Any CPU.Build.0 = Debug|Any CPU
		{16B17839-DDEF-4365-B536-DC08D8497E5F}.Release|Any CPU.ActiveCfg = Release|Any CPU
		{16B17839-DDEF-4365-B536-DC08D8497E5F}.Release|Any CPU.Build.0 = Release|Any CPU
	EndGlobalSection
	GlobalSection(SolutionProperties) = preSolution
		HideSolutionNode = FALSE
	EndGlobalSection
	GlobalSection(ExtensibilityGlobals) = postSolution
		SolutionGuid = {D2144BC2-32EB-4626-8C2D-A762A9F8FEBB}
	EndGlobalSection
EndGlobal
